// !$*UTF8*$!
{
	archiveVersion = 1;
	classes = {
	};
	objectVersion = 46;
	objects = {

/* Begin PBXBuildFile section */
		0278FB4A16F029BC00D447D7 /* Cocoa.framework in Frameworks */ = {isa = PBXBuildFile; fileRef = 0278FB4916F029BC00D447D7 /* Cocoa.framework */; };
		0278FB5416F029BC00D447D7 /* InfoPlist.strings in Resources */ = {isa = PBXBuildFile; fileRef = 0278FB5216F029BC00D447D7 /* InfoPlist.strings */; };
		0278FB5616F029BC00D447D7 /* main.m in Sources */ = {isa = PBXBuildFile; fileRef = 0278FB5516F029BC00D447D7 /* main.m */; };
		0278FB5A16F029BC00D447D7 /* Credits.rtf in Resources */ = {isa = PBXBuildFile; fileRef = 0278FB5816F029BC00D447D7 /* Credits.rtf */; };
		0278FB5D16F029BC00D447D7 /* AppDelegate.m in Sources */ = {isa = PBXBuildFile; fileRef = 0278FB5C16F029BC00D447D7 /* AppDelegate.m */; };
		0278FB6016F029BC00D447D7 /* MainMenu.xib in Resources */ = {isa = PBXBuildFile; fileRef = 0278FB5E16F029BC00D447D7 /* MainMenu.xib */; };
		0278FB7A16F02A0600D447D7 /* camera.c in Sources */ = {isa = PBXBuildFile; fileRef = 0278FB6516F02A0600D447D7 /* camera.c */; };
		0278FB7B16F02A0600D447D7 /* effects.c in Sources */ = {isa = PBXBuildFile; fileRef = 0278FB6716F02A0600D447D7 /* effects.c */; };
		0278FB7C16F02A0600D447D7 /* font.c in Sources */ = {isa = PBXBuildFile; fileRef = 0278FB6916F02A0600D447D7 /* font.c */; };
		0278FB7E16F02A0600D447D7 /* math.c in Sources */ = {isa = PBXBuildFile; fileRef = 0278FB6D16F02A0600D447D7 /* math.c */; };
		0278FB7F16F02A0600D447D7 /* objects.c in Sources */ = {isa = PBXBuildFile; fileRef = 0278FB6F16F02A0600D447D7 /* objects.c */; };
		0278FB8016F02A0600D447D7 /* overlay.c in Sources */ = {isa = PBXBuildFile; fileRef = 0278FB7116F02A0600D447D7 /* overlay.c */; };
		0278FB8116F02A0600D447D7 /* scene.c in Sources */ = {isa = PBXBuildFile; fileRef = 0278FB7316F02A0600D447D7 /* scene.c */; };
		0278FB8216F02A0600D447D7 /* texture.c in Sources */ = {isa = PBXBuildFile; fileRef = 0278FB7516F02A0600D447D7 /* texture.c */; };
		0278FB8316F02A0600D447D7 /* util.c in Sources */ = {isa = PBXBuildFile; fileRef = 0278FB7816F02A0600D447D7 /* util.c */; };
		0278FBBF16F031FB00D447D7 /* log.c in Sources */ = {isa = PBXBuildFile; fileRef = 0278FB8616F031FB00D447D7 /* log.c */; };
		0278FBC116F031FB00D447D7 /* billboard.png in Resources */ = {isa = PBXBuildFile; fileRef = 0278FB8A16F031FB00D447D7 /* billboard.png */; };
		0278FBC216F031FB00D447D7 /* camaro.jpg in Resources */ = {isa = PBXBuildFile; fileRef = 0278FB8B16F031FB00D447D7 /* camaro.jpg */; };
		0278FBC316F031FB00D447D7 /* fighter1.3ds in Resources */ = {isa = PBXBuildFile; fileRef = 0278FB8C16F031FB00D447D7 /* fighter1.3ds */; };
		0278FBC416F031FB00D447D7 /* fighter1.png in Resources */ = {isa = PBXBuildFile; fileRef = 0278FB8D16F031FB00D447D7 /* fighter1.png */; };
		0278FBC516F031FB00D447D7 /* fireball.png in Resources */ = {isa = PBXBuildFile; fileRef = 0278FB8E16F031FB00D447D7 /* fireball.png */; };
		0278FBC616F031FB00D447D7 /* flash.png in Resources */ = {isa = PBXBuildFile; fileRef = 0278FB8F16F031FB00D447D7 /* flash.png */; };
		0278FBC716F031FB00D447D7 /* flowers.jpg in Resources */ = {isa = PBXBuildFile; fileRef = 0278FB9016F031FB00D447D7 /* flowers.jpg */; };
		0278FBC816F031FB00D447D7 /* font.fnt in Resources */ = {isa = PBXBuildFile; fileRef = 0278FB9116F031FB00D447D7 /* font.fnt */; };
		0278FBC916F031FB00D447D7 /* font_0.png in Resources */ = {isa = PBXBuildFile; fileRef = 0278FB9216F031FB00D447D7 /* font_0.png */; };
		0278FBCA16F031FB00D447D7 /* glow.png in Resources */ = {isa = PBXBuildFile; fileRef = 0278FB9316F031FB00D447D7 /* glow.png */; };
		0278FBCB16F031FB00D447D7 /* halo.png in Resources */ = {isa = PBXBuildFile; fileRef = 0278FB9416F031FB00D447D7 /* halo.png */; };
		0278FBCC16F031FB00D447D7 /* img_test.bmp in Resources */ = {isa = PBXBuildFile; fileRef = 0278FB9516F031FB00D447D7 /* img_test.bmp */; };
		0278FBCD16F031FB00D447D7 /* img_test.dds in Resources */ = {isa = PBXBuildFile; fileRef = 0278FB9616F031FB00D447D7 /* img_test.dds */; };
		0278FBCE16F031FB00D447D7 /* img_test.png in Resources */ = {isa = PBXBuildFile; fileRef = 0278FB9716F031FB00D447D7 /* img_test.png */; };
		0278FBCF16F031FB00D447D7 /* img_test.tga in Resources */ = {isa = PBXBuildFile; fileRef = 0278FB9816F031FB00D447D7 /* img_test.tga */; };
		0278FBD016F031FB00D447D7 /* img_test_indexed.tga in Resources */ = {isa = PBXBuildFile; fileRef = 0278FB9916F031FB00D447D7 /* img_test_indexed.tga */; };
		0278FBD116F031FB00D447D7 /* monkey.png in Resources */ = {isa = PBXBuildFile; fileRef = 0278FB9A16F031FB00D447D7 /* monkey.png */; };
		0278FBD216F031FB00D447D7 /* nebula2_back6.png in Resources */ = {isa = PBXBuildFile; fileRef = 0278FB9B16F031FB00D447D7 /* nebula2_back6.png */; };
		0278FBD316F031FB00D447D7 /* nebula2_bottom4.png in Resources */ = {isa = PBXBuildFile; fileRef = 0278FB9C16F031FB00D447D7 /* nebula2_bottom4.png */; };
		0278FBD416F031FB00D447D7 /* nebula2_front5.png in Resources */ = {isa = PBXBuildFile; fileRef = 0278FB9D16F031FB00D447D7 /* nebula2_front5.png */; };
		0278FBD516F031FB00D447D7 /* nebula2_left2.png in Resources */ = {isa = PBXBuildFile; fileRef = 0278FB9E16F031FB00D447D7 /* nebula2_left2.png */; };
		0278FBD616F031FB00D447D7 /* nebula2_right1.png in Resources */ = {isa = PBXBuildFile; fileRef = 0278FB9F16F031FB00D447D7 /* nebula2_right1.png */; };
		0278FBD716F031FB00D447D7 /* nebula2_top3.png in Resources */ = {isa = PBXBuildFile; fileRef = 0278FBA016F031FB00D447D7 /* nebula2_top3.png */; };
		0278FBD816F031FB00D447D7 /* planets-env.png in Resources */ = {isa = PBXBuildFile; fileRef = 0278FBA116F031FB00D447D7 /* planets-env.png */; };
		0278FBD916F031FB00D447D7 /* planets2_front5.png in Resources */ = {isa = PBXBuildFile; fileRef = 0278FBA216F031FB00D447D7 /* planets2_front5.png */; };
		0278FBDA16F031FB00D447D7 /* planets2_left2.png in Resources */ = {isa = PBXBuildFile; fileRef = 0278FBA316F031FB00D447D7 /* planets2_left2.png */; };
		0278FBDB16F031FB00D447D7 /* planetsbottom.png in Resources */ = {isa = PBXBuildFile; fileRef = 0278FBA416F031FB00D447D7 /* planetsbottom.png */; };
		0278FBDC16F031FB00D447D7 /* planetsleft.png in Resources */ = {isa = PBXBuildFile; fileRef = 0278FBA516F031FB00D447D7 /* planetsleft.png */; };
		0278FBDD16F031FB00D447D7 /* smoke.png in Resources */ = {isa = PBXBuildFile; fileRef = 0278FBA616F031FB00D447D7 /* smoke.png */; };
		0278FBDE16F031FB00D447D7 /* streaks.png in Resources */ = {isa = PBXBuildFile; fileRef = 0278FBA716F031FB00D447D7 /* streaks.png */; };
		0278FBDF16F031FB00D447D7 /* sun.png in Resources */ = {isa = PBXBuildFile; fileRef = 0278FBA816F031FB00D447D7 /* sun.png */; };
		0278FBE016F031FB00D447D7 /* test_rect.png in Resources */ = {isa = PBXBuildFile; fileRef = 0278FBA916F031FB00D447D7 /* test_rect.png */; };
		0278FBE116F031FB00D447D7 /* testplane.3ds in Resources */ = {isa = PBXBuildFile; fileRef = 0278FBAA16F031FB00D447D7 /* testplane.3ds */; };
		0278FBE216F031FB00D447D7 /* trainer1.3ds in Resources */ = {isa = PBXBuildFile; fileRef = 0278FBAB16F031FB00D447D7 /* trainer1.3ds */; };
		0278FBE316F031FB00D447D7 /* trainer1.png in Resources */ = {isa = PBXBuildFile; fileRef = 0278FBAC16F031FB00D447D7 /* trainer1.png */; };
		0278FBE416F031FB00D447D7 /* wood.jpg in Resources */ = {isa = PBXBuildFile; fileRef = 0278FBAD16F031FB00D447D7 /* wood.jpg */; };
		0278FBE516F031FB00D447D7 /* image_DXT.c in Sources */ = {isa = PBXBuildFile; fileRef = 0278FBAF16F031FB00D447D7 /* image_DXT.c */; };
		0278FBE616F031FB00D447D7 /* image_helper.c in Sources */ = {isa = PBXBuildFile; fileRef = 0278FBB116F031FB00D447D7 /* image_helper.c */; };
		0278FBE816F031FB00D447D7 /* SOIL.c in Sources */ = {isa = PBXBuildFile; fileRef = 0278FBB416F031FB00D447D7 /* SOIL.c */; };
		0278FBE916F031FB00D447D7 /* stb_image_aug.c in Sources */ = {isa = PBXBuildFile; fileRef = 0278FBB616F031FB00D447D7 /* stb_image_aug.c */; };
		0278FBEB16F0321800D447D7 /* OpenGL.framework in Frameworks */ = {isa = PBXBuildFile; fileRef = 0278FBEA16F0321800D447D7 /* OpenGL.framework */; };
		0278FBED16F0322300D447D7 /* CoreVideo.framework in Frameworks */ = {isa = PBXBuildFile; fileRef = 0278FBEC16F0322300D447D7 /* CoreVideo.framework */; };
		0278FBF016F033E400D447D7 /* DemoView.m in Sources */ = {isa = PBXBuildFile; fileRef = 0278FBEF16F033E400D447D7 /* DemoView.m */; };
		0278FBF716F0362B00D447D7 /* sg3_demo.c in Sources */ = {isa = PBXBuildFile; fileRef = 0278FBF416F0362B00D447D7 /* sg3_demo.c */; };
/* End PBXBuildFile section */

/* Begin PBXFileReference section */
		0278FB4616F029BC00D447D7 /* sg3_demo.app */ = {isa = PBXFileReference; explicitFileType = wrapper.application; includeInIndex = 0; path = sg3_demo.app; sourceTree = BUILT_PRODUCTS_DIR; };
		0278FB4916F029BC00D447D7 /* Cocoa.framework */ = {isa = PBXFileReference; lastKnownFileType = wrapper.framework; name = Cocoa.framework; path = System/Library/Frameworks/Cocoa.framework; sourceTree = SDKROOT; };
		0278FB4C16F029BC00D447D7 /* AppKit.framework */ = {isa = PBXFileReference; lastKnownFileType = wrapper.framework; name = AppKit.framework; path = System/Library/Frameworks/AppKit.framework; sourceTree = SDKROOT; };
		0278FB4D16F029BC00D447D7 /* CoreData.framework */ = {isa = PBXFileReference; lastKnownFileType = wrapper.framework; name = CoreData.framework; path = System/Library/Frameworks/CoreData.framework; sourceTree = SDKROOT; };
		0278FB4E16F029BC00D447D7 /* Foundation.framework */ = {isa = PBXFileReference; lastKnownFileType = wrapper.framework; name = Foundation.framework; path = System/Library/Frameworks/Foundation.framework; sourceTree = SDKROOT; };
		0278FB5116F029BC00D447D7 /* sg3_demo-Info.plist */ = {isa = PBXFileReference; lastKnownFileType = text.plist.xml; path = "sg3_demo-Info.plist"; sourceTree = "<group>"; };
		0278FB5316F029BC00D447D7 /* en */ = {isa = PBXFileReference; lastKnownFileType = text.plist.strings; name = en; path = en.lproj/InfoPlist.strings; sourceTree = "<group>"; };
		0278FB5516F029BC00D447D7 /* main.m */ = {isa = PBXFileReference; lastKnownFileType = sourcecode.c.objc; path = main.m; sourceTree = "<group>"; };
		0278FB5716F029BC00D447D7 /* sg3_demo-Prefix.pch */ = {isa = PBXFileReference; lastKnownFileType = sourcecode.c.h; path = "sg3_demo-Prefix.pch"; sourceTree = "<group>"; };
		0278FB5916F029BC00D447D7 /* en */ = {isa = PBXFileReference; lastKnownFileType = text.rtf; name = en; path = en.lproj/Credits.rtf; sourceTree = "<group>"; };
		0278FB5B16F029BC00D447D7 /* AppDelegate.h */ = {isa = PBXFileReference; lastKnownFileType = sourcecode.c.h; path = AppDelegate.h; sourceTree = "<group>"; };
		0278FB5C16F029BC00D447D7 /* AppDelegate.m */ = {isa = PBXFileReference; lastKnownFileType = sourcecode.c.objc; path = AppDelegate.m; sourceTree = "<group>"; };
		0278FB5F16F029BC00D447D7 /* en */ = {isa = PBXFileReference; lastKnownFileType = file.xib; name = en; path = en.lproj/MainMenu.xib; sourceTree = "<group>"; };
		0278FB6516F02A0600D447D7 /* camera.c */ = {isa = PBXFileReference; fileEncoding = 4; lastKnownFileType = sourcecode.c.c; path = camera.c; sourceTree = "<group>"; };
		0278FB6616F02A0600D447D7 /* camera.h */ = {isa = PBXFileReference; fileEncoding = 4; lastKnownFileType = sourcecode.c.h; path = camera.h; sourceTree = "<group>"; };
		0278FB6716F02A0600D447D7 /* effects.c */ = {isa = PBXFileReference; fileEncoding = 4; lastKnownFileType = sourcecode.c.c; path = effects.c; sourceTree = "<group>"; };
		0278FB6816F02A0600D447D7 /* effects.h */ = {isa = PBXFileReference; fileEncoding = 4; lastKnownFileType = sourcecode.c.h; path = effects.h; sourceTree = "<group>"; };
		0278FB6916F02A0600D447D7 /* font.c */ = {isa = PBXFileReference; fileEncoding = 4; lastKnownFileType = sourcecode.c.c; path = font.c; sourceTree = "<group>"; };
		0278FB6A16F02A0600D447D7 /* font.h */ = {isa = PBXFileReference; fileEncoding = 4; lastKnownFileType = sourcecode.c.h; path = font.h; sourceTree = "<group>"; };
		0278FB6B16F02A0600D447D7 /* gl3.h */ = {isa = PBXFileReference; fileEncoding = 4; lastKnownFileType = sourcecode.c.h; path = gl3.h; sourceTree = "<group>"; };
		0278FB6C16F02A0600D447D7 /* Makefile */ = {isa = PBXFileReference; fileEncoding = 4; lastKnownFileType = sourcecode.make; path = Makefile; sourceTree = "<group>"; };
		0278FB6D16F02A0600D447D7 /* math.c */ = {isa = PBXFileReference; fileEncoding = 4; lastKnownFileType = sourcecode.c.c; path = math.c; sourceTree = "<group>"; };
		0278FB6E16F02A0600D447D7 /* math.h */ = {isa = PBXFileReference; fileEncoding = 4; lastKnownFileType = sourcecode.c.h; path = math.h; sourceTree = "<group>"; };
		0278FB6F16F02A0600D447D7 /* objects.c */ = {isa = PBXFileReference; fileEncoding = 4; lastKnownFileType = sourcecode.c.c; path = objects.c; sourceTree = "<group>"; };
		0278FB7016F02A0600D447D7 /* objects.h */ = {isa = PBXFileReference; fileEncoding = 4; lastKnownFileType = sourcecode.c.h; path = objects.h; sourceTree = "<group>"; };
		0278FB7116F02A0600D447D7 /* overlay.c */ = {isa = PBXFileReference; fileEncoding = 4; lastKnownFileType = sourcecode.c.c; path = overlay.c; sourceTree = "<group>"; };
		0278FB7216F02A0600D447D7 /* overlay.h */ = {isa = PBXFileReference; fileEncoding = 4; lastKnownFileType = sourcecode.c.h; path = overlay.h; sourceTree = "<group>"; };
		0278FB7316F02A0600D447D7 /* scene.c */ = {isa = PBXFileReference; fileEncoding = 4; lastKnownFileType = sourcecode.c.c; path = scene.c; sourceTree = "<group>"; };
		0278FB7416F02A0600D447D7 /* scene.h */ = {isa = PBXFileReference; fileEncoding = 4; lastKnownFileType = sourcecode.c.h; path = scene.h; sourceTree = "<group>"; };
		0278FB7516F02A0600D447D7 /* texture.c */ = {isa = PBXFileReference; fileEncoding = 4; lastKnownFileType = sourcecode.c.c; path = texture.c; sourceTree = "<group>"; };
		0278FB7616F02A0600D447D7 /* texture.h */ = {isa = PBXFileReference; fileEncoding = 4; lastKnownFileType = sourcecode.c.h; path = texture.h; sourceTree = "<group>"; };
		0278FB7716F02A0600D447D7 /* types.h */ = {isa = PBXFileReference; fileEncoding = 4; lastKnownFileType = sourcecode.c.h; path = types.h; sourceTree = "<group>"; };
		0278FB7816F02A0600D447D7 /* util.c */ = {isa = PBXFileReference; fileEncoding = 4; lastKnownFileType = sourcecode.c.c; path = util.c; sourceTree = "<group>"; };
		0278FB7916F02A0600D447D7 /* util.h */ = {isa = PBXFileReference; fileEncoding = 4; lastKnownFileType = sourcecode.c.h; path = util.h; sourceTree = "<group>"; };
		0278FB8616F031FB00D447D7 /* log.c */ = {isa = PBXFileReference; fileEncoding = 4; lastKnownFileType = sourcecode.c.c; path = log.c; sourceTree = "<group>"; };
		0278FB8716F031FB00D447D7 /* log.h */ = {isa = PBXFileReference; fileEncoding = 4; lastKnownFileType = sourcecode.c.h; path = log.h; sourceTree = "<group>"; };
		0278FB8816F031FB00D447D7 /* Makefile */ = {isa = PBXFileReference; fileEncoding = 4; lastKnownFileType = sourcecode.make; path = Makefile; sourceTree = "<group>"; };
		0278FB8A16F031FB00D447D7 /* billboard.png */ = {isa = PBXFileReference; lastKnownFileType = image.png; path = billboard.png; sourceTree = "<group>"; };
		0278FB8B16F031FB00D447D7 /* camaro.jpg */ = {isa = PBXFileReference; lastKnownFileType = image.jpeg; path = camaro.jpg; sourceTree = "<group>"; };
		0278FB8C16F031FB00D447D7 /* fighter1.3ds */ = {isa = PBXFileReference; lastKnownFileType = file; path = fighter1.3ds; sourceTree = "<group>"; };
		0278FB8D16F031FB00D447D7 /* fighter1.png */ = {isa = PBXFileReference; lastKnownFileType = image.png; path = fighter1.png; sourceTree = "<group>"; };
		0278FB8E16F031FB00D447D7 /* fireball.png */ = {isa = PBXFileReference; lastKnownFileType = image.png; path = fireball.png; sourceTree = "<group>"; };
		0278FB8F16F031FB00D447D7 /* flash.png */ = {isa = PBXFileReference; lastKnownFileType = image.png; path = flash.png; sourceTree = "<group>"; };
		0278FB9016F031FB00D447D7 /* flowers.jpg */ = {isa = PBXFileReference; lastKnownFileType = image.jpeg; path = flowers.jpg; sourceTree = "<group>"; };
		0278FB9116F031FB00D447D7 /* font.fnt */ = {isa = PBXFileReference; lastKnownFileType = file; path = font.fnt; sourceTree = "<group>"; };
		0278FB9216F031FB00D447D7 /* font_0.png */ = {isa = PBXFileReference; lastKnownFileType = image.png; path = font_0.png; sourceTree = "<group>"; };
		0278FB9316F031FB00D447D7 /* glow.png */ = {isa = PBXFileReference; lastKnownFileType = image.png; path = glow.png; sourceTree = "<group>"; };
		0278FB9416F031FB00D447D7 /* halo.png */ = {isa = PBXFileReference; lastKnownFileType = image.png; path = halo.png; sourceTree = "<group>"; };
		0278FB9516F031FB00D447D7 /* img_test.bmp */ = {isa = PBXFileReference; lastKnownFileType = image.bmp; path = img_test.bmp; sourceTree = "<group>"; };
		0278FB9616F031FB00D447D7 /* img_test.dds */ = {isa = PBXFileReference; lastKnownFileType = file; path = img_test.dds; sourceTree = "<group>"; };
		0278FB9716F031FB00D447D7 /* img_test.png */ = {isa = PBXFileReference; lastKnownFileType = image.png; path = img_test.png; sourceTree = "<group>"; };
		0278FB9816F031FB00D447D7 /* img_test.tga */ = {isa = PBXFileReference; lastKnownFileType = file; path = img_test.tga; sourceTree = "<group>"; };
		0278FB9916F031FB00D447D7 /* img_test_indexed.tga */ = {isa = PBXFileReference; lastKnownFileType = file; path = img_test_indexed.tga; sourceTree = "<group>"; };
		0278FB9A16F031FB00D447D7 /* monkey.png */ = {isa = PBXFileReference; lastKnownFileType = image.png; path = monkey.png; sourceTree = "<group>"; };
		0278FB9B16F031FB00D447D7 /* nebula2_back6.png */ = {isa = PBXFileReference; lastKnownFileType = image.png; path = nebula2_back6.png; sourceTree = "<group>"; };
		0278FB9C16F031FB00D447D7 /* nebula2_bottom4.png */ = {isa = PBXFileReference; lastKnownFileType = image.png; path = nebula2_bottom4.png; sourceTree = "<group>"; };
		0278FB9D16F031FB00D447D7 /* nebula2_front5.png */ = {isa = PBXFileReference; lastKnownFileType = image.png; path = nebula2_front5.png; sourceTree = "<group>"; };
		0278FB9E16F031FB00D447D7 /* nebula2_left2.png */ = {isa = PBXFileReference; lastKnownFileType = image.png; path = nebula2_left2.png; sourceTree = "<group>"; };
		0278FB9F16F031FB00D447D7 /* nebula2_right1.png */ = {isa = PBXFileReference; lastKnownFileType = image.png; path = nebula2_right1.png; sourceTree = "<group>"; };
		0278FBA016F031FB00D447D7 /* nebula2_top3.png */ = {isa = PBXFileReference; lastKnownFileType = image.png; path = nebula2_top3.png; sourceTree = "<group>"; };
		0278FBA116F031FB00D447D7 /* planets-env.png */ = {isa = PBXFileReference; lastKnownFileType = image.png; path = "planets-env.png"; sourceTree = "<group>"; };
		0278FBA216F031FB00D447D7 /* planets2_front5.png */ = {isa = PBXFileReference; lastKnownFileType = image.png; path = planets2_front5.png; sourceTree = "<group>"; };
		0278FBA316F031FB00D447D7 /* planets2_left2.png */ = {isa = PBXFileReference; lastKnownFileType = image.png; path = planets2_left2.png; sourceTree = "<group>"; };
		0278FBA416F031FB00D447D7 /* planetsbottom.png */ = {isa = PBXFileReference; lastKnownFileType = image.png; path = planetsbottom.png; sourceTree = "<group>"; };
		0278FBA516F031FB00D447D7 /* planetsleft.png */ = {isa = PBXFileReference; lastKnownFileType = image.png; path = planetsleft.png; sourceTree = "<group>"; };
		0278FBA616F031FB00D447D7 /* smoke.png */ = {isa = PBXFileReference; lastKnownFileType = image.png; path = smoke.png; sourceTree = "<group>"; };
		0278FBA716F031FB00D447D7 /* streaks.png */ = {isa = PBXFileReference; lastKnownFileType = image.png; path = streaks.png; sourceTree = "<group>"; };
		0278FBA816F031FB00D447D7 /* sun.png */ = {isa = PBXFileReference; lastKnownFileType = image.png; path = sun.png; sourceTree = "<group>"; };
		0278FBA916F031FB00D447D7 /* test_rect.png */ = {isa = PBXFileReference; lastKnownFileType = image.png; path = test_rect.png; sourceTree = "<group>"; };
		0278FBAA16F031FB00D447D7 /* testplane.3ds */ = {isa = PBXFileReference; lastKnownFileType = file; path = testplane.3ds; sourceTree = "<group>"; };
		0278FBAB16F031FB00D447D7 /* trainer1.3ds */ = {isa = PBXFileReference; lastKnownFileType = file; path = trainer1.3ds; sourceTree = "<group>"; };
		0278FBAC16F031FB00D447D7 /* trainer1.png */ = {isa = PBXFileReference; lastKnownFileType = image.png; path = trainer1.png; sourceTree = "<group>"; };
		0278FBAD16F031FB00D447D7 /* wood.jpg */ = {isa = PBXFileReference; lastKnownFileType = image.jpeg; path = wood.jpg; sourceTree = "<group>"; };
		0278FBAF16F031FB00D447D7 /* image_DXT.c */ = {isa = PBXFileReference; fileEncoding = 4; lastKnownFileType = sourcecode.c.c; path = image_DXT.c; sourceTree = "<group>"; };
		0278FBB016F031FB00D447D7 /* image_DXT.h */ = {isa = PBXFileReference; fileEncoding = 4; lastKnownFileType = sourcecode.c.h; path = image_DXT.h; sourceTree = "<group>"; };
		0278FBB116F031FB00D447D7 /* image_helper.c */ = {isa = PBXFileReference; fileEncoding = 4; lastKnownFileType = sourcecode.c.c; path = image_helper.c; sourceTree = "<group>"; };
		0278FBB216F031FB00D447D7 /* image_helper.h */ = {isa = PBXFileReference; fileEncoding = 4; lastKnownFileType = sourcecode.c.h; path = image_helper.h; sourceTree = "<group>"; };
		0278FBB316F031FB00D447D7 /* Makefile */ = {isa = PBXFileReference; fileEncoding = 4; lastKnownFileType = sourcecode.make; path = Makefile; sourceTree = "<group>"; };
		0278FBB416F031FB00D447D7 /* SOIL.c */ = {isa = PBXFileReference; fileEncoding = 4; lastKnownFileType = sourcecode.c.c; path = SOIL.c; sourceTree = "<group>"; };
		0278FBB516F031FB00D447D7 /* SOIL.h */ = {isa = PBXFileReference; fileEncoding = 4; lastKnownFileType = sourcecode.c.h; path = SOIL.h; sourceTree = "<group>"; };
		0278FBB616F031FB00D447D7 /* stb_image_aug.c */ = {isa = PBXFileReference; fileEncoding = 4; lastKnownFileType = sourcecode.c.c; path = stb_image_aug.c; sourceTree = "<group>"; };
		0278FBB716F031FB00D447D7 /* stb_image_aug.h */ = {isa = PBXFileReference; fileEncoding = 4; lastKnownFileType = sourcecode.c.h; path = stb_image_aug.h; sourceTree = "<group>"; };
		0278FBB816F031FB00D447D7 /* stbi_DDS_aug.h */ = {isa = PBXFileReference; fileEncoding = 4; lastKnownFileType = sourcecode.c.h; path = stbi_DDS_aug.h; sourceTree = "<group>"; };
		0278FBB916F031FB00D447D7 /* stbi_DDS_aug_c.h */ = {isa = PBXFileReference; fileEncoding = 4; lastKnownFileType = sourcecode.c.h; path = stbi_DDS_aug_c.h; sourceTree = "<group>"; };
		0278FBBB16F031FB00D447D7 /* utarray.h */ = {isa = PBXFileReference; fileEncoding = 4; lastKnownFileType = sourcecode.c.h; path = utarray.h; sourceTree = "<group>"; };
		0278FBBC16F031FB00D447D7 /* uthash.h */ = {isa = PBXFileReference; fileEncoding = 4; lastKnownFileType = sourcecode.c.h; path = uthash.h; sourceTree = "<group>"; };
		0278FBBD16F031FB00D447D7 /* utlist.h */ = {isa = PBXFileReference; fileEncoding = 4; lastKnownFileType = sourcecode.c.h; path = utlist.h; sourceTree = "<group>"; };
		0278FBBE16F031FB00D447D7 /* utstring.h */ = {isa = PBXFileReference; fileEncoding = 4; lastKnownFileType = sourcecode.c.h; path = utstring.h; sourceTree = "<group>"; };
		0278FBEA16F0321800D447D7 /* OpenGL.framework */ = {isa = PBXFileReference; lastKnownFileType = wrapper.framework; name = OpenGL.framework; path = Platforms/MacOSX.platform/Developer/SDKs/MacOSX10.8.sdk/System/Library/Frameworks/OpenGL.framework; sourceTree = DEVELOPER_DIR; };
		0278FBEC16F0322300D447D7 /* CoreVideo.framework */ = {isa = PBXFileReference; lastKnownFileType = wrapper.framework; name = CoreVideo.framework; path = Platforms/MacOSX.platform/Developer/SDKs/MacOSX10.8.sdk/System/Library/Frameworks/CoreVideo.framework; sourceTree = DEVELOPER_DIR; };
		0278FBEE16F033E400D447D7 /* DemoView.h */ = {isa = PBXFileReference; fileEncoding = 4; lastKnownFileType = sourcecode.c.h; path = DemoView.h; sourceTree = "<group>"; };
		0278FBEF16F033E400D447D7 /* DemoView.m */ = {isa = PBXFileReference; fileEncoding = 4; lastKnownFileType = sourcecode.c.objc; path = DemoView.m; sourceTree = "<group>"; };
		0278FBF216F0362B00D447D7 /* ctrl_demo.c */ = {isa = PBXFileReference; fileEncoding = 4; lastKnownFileType = sourcecode.c.c; path = ctrl_demo.c; sourceTree = "<group>"; };
		0278FBF316F0362B00D447D7 /* ctrl_demo.h */ = {isa = PBXFileReference; fileEncoding = 4; lastKnownFileType = sourcecode.c.h; path = ctrl_demo.h; sourceTree = "<group>"; };
		0278FBF416F0362B00D447D7 /* sg3_demo.c */ = {isa = PBXFileReference; fileEncoding = 4; lastKnownFileType = sourcecode.c.c; path = sg3_demo.c; sourceTree = "<group>"; };
		0278FBF516F0362B00D447D7 /* sg3_demo.h */ = {isa = PBXFileReference; fileEncoding = 4; lastKnownFileType = sourcecode.c.h; path = sg3_demo.h; sourceTree = "<group>"; };
		0278FCFF16F25A8400D447D7 /* gl.h */ = {isa = PBXFileReference; fileEncoding = 4; lastKnownFileType = sourcecode.c.h; path = gl.h; sourceTree = "<group>"; };
/* End PBXFileReference section */

/* Begin PBXFrameworksBuildPhase section */
		0278FB4316F029BC00D447D7 /* Frameworks */ = {
			isa = PBXFrameworksBuildPhase;
			buildActionMask = 2147483647;
			files = (
				0278FBED16F0322300D447D7 /* CoreVideo.framework in Frameworks */,
				0278FBEB16F0321800D447D7 /* OpenGL.framework in Frameworks */,
				0278FB4A16F029BC00D447D7 /* Cocoa.framework in Frameworks */,
			);
			runOnlyForDeploymentPostprocessing = 0;
		};
/* End PBXFrameworksBuildPhase section */

/* Begin PBXGroup section */
		0278FB3B16F0291000D447D7 = {
			isa = PBXGroup;
			children = (
				0278FBF116F0362B00D447D7 /* examples */,
				0278FB8416F031FB00D447D7 /* doc */,
				0278FB8516F031FB00D447D7 /* log */,
				0278FB8916F031FB00D447D7 /* resources */,
				0278FBAE16F031FB00D447D7 /* soil */,
				0278FBBA16F031FB00D447D7 /* ut */,
				0278FB6416F02A0600D447D7 /* gl3 */,
				0278FB4F16F029BC00D447D7 /* sg3_demo */,
				0278FB4816F029BC00D447D7 /* Frameworks */,
				0278FB4716F029BC00D447D7 /* Products */,
			);
			sourceTree = "<group>";
		};
		0278FB4716F029BC00D447D7 /* Products */ = {
			isa = PBXGroup;
			children = (
				0278FB4616F029BC00D447D7 /* sg3_demo.app */,
			);
			name = Products;
			sourceTree = "<group>";
		};
		0278FB4816F029BC00D447D7 /* Frameworks */ = {
			isa = PBXGroup;
			children = (
				0278FBEC16F0322300D447D7 /* CoreVideo.framework */,
				0278FBEA16F0321800D447D7 /* OpenGL.framework */,
				0278FB4916F029BC00D447D7 /* Cocoa.framework */,
				0278FB4B16F029BC00D447D7 /* Other Frameworks */,
			);
			name = Frameworks;
			sourceTree = "<group>";
		};
		0278FB4B16F029BC00D447D7 /* Other Frameworks */ = {
			isa = PBXGroup;
			children = (
				0278FB4C16F029BC00D447D7 /* AppKit.framework */,
				0278FB4D16F029BC00D447D7 /* CoreData.framework */,
				0278FB4E16F029BC00D447D7 /* Foundation.framework */,
			);
			name = "Other Frameworks";
			sourceTree = "<group>";
		};
		0278FB4F16F029BC00D447D7 /* sg3_demo */ = {
			isa = PBXGroup;
			children = (
				0278FB5B16F029BC00D447D7 /* AppDelegate.h */,
				0278FB5C16F029BC00D447D7 /* AppDelegate.m */,
				0278FBEE16F033E400D447D7 /* DemoView.h */,
				0278FBEF16F033E400D447D7 /* DemoView.m */,
				0278FB5E16F029BC00D447D7 /* MainMenu.xib */,
				0278FB5016F029BC00D447D7 /* Supporting Files */,
			);
			path = sg3_demo;
			sourceTree = "<group>";
		};
		0278FB5016F029BC00D447D7 /* Supporting Files */ = {
			isa = PBXGroup;
			children = (
				0278FB5116F029BC00D447D7 /* sg3_demo-Info.plist */,
				0278FB5216F029BC00D447D7 /* InfoPlist.strings */,
				0278FB5516F029BC00D447D7 /* main.m */,
				0278FB5716F029BC00D447D7 /* sg3_demo-Prefix.pch */,
				0278FB5816F029BC00D447D7 /* Credits.rtf */,
			);
			name = "Supporting Files";
			sourceTree = "<group>";
		};
		0278FB6416F02A0600D447D7 /* gl3 */ = {
			isa = PBXGroup;
			children = (
				0278FCFF16F25A8400D447D7 /* gl.h */,
				0278FB6516F02A0600D447D7 /* camera.c */,
				0278FB6616F02A0600D447D7 /* camera.h */,
				0278FB6716F02A0600D447D7 /* effects.c */,
				0278FB6816F02A0600D447D7 /* effects.h */,
				0278FB6916F02A0600D447D7 /* font.c */,
				0278FB6A16F02A0600D447D7 /* font.h */,
				0278FB6B16F02A0600D447D7 /* gl3.h */,
				0278FB6C16F02A0600D447D7 /* Makefile */,
				0278FB6D16F02A0600D447D7 /* math.c */,
				0278FB6E16F02A0600D447D7 /* math.h */,
				0278FB6F16F02A0600D447D7 /* objects.c */,
				0278FB7016F02A0600D447D7 /* objects.h */,
				0278FB7116F02A0600D447D7 /* overlay.c */,
				0278FB7216F02A0600D447D7 /* overlay.h */,
				0278FB7316F02A0600D447D7 /* scene.c */,
				0278FB7416F02A0600D447D7 /* scene.h */,
				0278FB7516F02A0600D447D7 /* texture.c */,
				0278FB7616F02A0600D447D7 /* texture.h */,
				0278FB7716F02A0600D447D7 /* types.h */,
				0278FB7816F02A0600D447D7 /* util.c */,
				0278FB7916F02A0600D447D7 /* util.h */,
			);
			name = gl3;
			path = ../gl3;
			sourceTree = "<group>";
		};
		0278FB8416F031FB00D447D7 /* doc */ = {
			isa = PBXGroup;
			children = (
			);
			name = doc;
			path = ../doc;
			sourceTree = "<group>";
		};
		0278FB8516F031FB00D447D7 /* log */ = {
			isa = PBXGroup;
			children = (
				0278FB8616F031FB00D447D7 /* log.c */,
				0278FB8716F031FB00D447D7 /* log.h */,
				0278FB8816F031FB00D447D7 /* Makefile */,
			);
			name = log;
			path = ../log;
			sourceTree = "<group>";
		};
		0278FB8916F031FB00D447D7 /* resources */ = {
			isa = PBXGroup;
			children = (
				0278FB8A16F031FB00D447D7 /* billboard.png */,
				0278FB8B16F031FB00D447D7 /* camaro.jpg */,
				0278FB8C16F031FB00D447D7 /* fighter1.3ds */,
				0278FB8D16F031FB00D447D7 /* fighter1.png */,
				0278FB8E16F031FB00D447D7 /* fireball.png */,
				0278FB8F16F031FB00D447D7 /* flash.png */,
				0278FB9016F031FB00D447D7 /* flowers.jpg */,
				0278FB9116F031FB00D447D7 /* font.fnt */,
				0278FB9216F031FB00D447D7 /* font_0.png */,
				0278FB9316F031FB00D447D7 /* glow.png */,
				0278FB9416F031FB00D447D7 /* halo.png */,
				0278FB9516F031FB00D447D7 /* img_test.bmp */,
				0278FB9616F031FB00D447D7 /* img_test.dds */,
				0278FB9716F031FB00D447D7 /* img_test.png */,
				0278FB9816F031FB00D447D7 /* img_test.tga */,
				0278FB9916F031FB00D447D7 /* img_test_indexed.tga */,
				0278FB9A16F031FB00D447D7 /* monkey.png */,
				0278FB9B16F031FB00D447D7 /* nebula2_back6.png */,
				0278FB9C16F031FB00D447D7 /* nebula2_bottom4.png */,
				0278FB9D16F031FB00D447D7 /* nebula2_front5.png */,
				0278FB9E16F031FB00D447D7 /* nebula2_left2.png */,
				0278FB9F16F031FB00D447D7 /* nebula2_right1.png */,
				0278FBA016F031FB00D447D7 /* nebula2_top3.png */,
				0278FBA116F031FB00D447D7 /* planets-env.png */,
				0278FBA216F031FB00D447D7 /* planets2_front5.png */,
				0278FBA316F031FB00D447D7 /* planets2_left2.png */,
				0278FBA416F031FB00D447D7 /* planetsbottom.png */,
				0278FBA516F031FB00D447D7 /* planetsleft.png */,
				0278FBA616F031FB00D447D7 /* smoke.png */,
				0278FBA716F031FB00D447D7 /* streaks.png */,
				0278FBA816F031FB00D447D7 /* sun.png */,
				0278FBA916F031FB00D447D7 /* test_rect.png */,
				0278FBAA16F031FB00D447D7 /* testplane.3ds */,
				0278FBAB16F031FB00D447D7 /* trainer1.3ds */,
				0278FBAC16F031FB00D447D7 /* trainer1.png */,
				0278FBAD16F031FB00D447D7 /* wood.jpg */,
			);
			name = resources;
			path = ../resources;
			sourceTree = "<group>";
		};
		0278FBAE16F031FB00D447D7 /* soil */ = {
			isa = PBXGroup;
			children = (
				0278FBAF16F031FB00D447D7 /* image_DXT.c */,
				0278FBB016F031FB00D447D7 /* image_DXT.h */,
				0278FBB116F031FB00D447D7 /* image_helper.c */,
				0278FBB216F031FB00D447D7 /* image_helper.h */,
				0278FBB316F031FB00D447D7 /* Makefile */,
				0278FBB416F031FB00D447D7 /* SOIL.c */,
				0278FBB516F031FB00D447D7 /* SOIL.h */,
				0278FBB616F031FB00D447D7 /* stb_image_aug.c */,
				0278FBB716F031FB00D447D7 /* stb_image_aug.h */,
				0278FBB816F031FB00D447D7 /* stbi_DDS_aug.h */,
				0278FBB916F031FB00D447D7 /* stbi_DDS_aug_c.h */,
			);
			name = soil;
			path = ../soil;
			sourceTree = "<group>";
		};
		0278FBBA16F031FB00D447D7 /* ut */ = {
			isa = PBXGroup;
			children = (
				0278FBBB16F031FB00D447D7 /* utarray.h */,
				0278FBBC16F031FB00D447D7 /* uthash.h */,
				0278FBBD16F031FB00D447D7 /* utlist.h */,
				0278FBBE16F031FB00D447D7 /* utstring.h */,
			);
			name = ut;
			path = ../ut;
			sourceTree = "<group>";
		};
		0278FBF116F0362B00D447D7 /* examples */ = {
			isa = PBXGroup;
			children = (
				0278FBF216F0362B00D447D7 /* ctrl_demo.c */,
				0278FBF316F0362B00D447D7 /* ctrl_demo.h */,
				0278FBF416F0362B00D447D7 /* sg3_demo.c */,
				0278FBF516F0362B00D447D7 /* sg3_demo.h */,
			);
			name = examples;
			path = ../examples;
			sourceTree = "<group>";
		};
/* End PBXGroup section */

/* Begin PBXNativeTarget section */
		0278FB4516F029BC00D447D7 /* sg3_demo */ = {
			isa = PBXNativeTarget;
			buildConfigurationList = 0278FB6316F029BC00D447D7 /* Build configuration list for PBXNativeTarget "sg3_demo" */;
			buildPhases = (
				0278FB4216F029BC00D447D7 /* Sources */,
				0278FB4316F029BC00D447D7 /* Frameworks */,
				0278FB4416F029BC00D447D7 /* Resources */,
			);
			buildRules = (
			);
			dependencies = (
			);
			name = sg3_demo;
			productName = sg3_demo;
			productReference = 0278FB4616F029BC00D447D7 /* sg3_demo.app */;
			productType = "com.apple.product-type.application";
		};
/* End PBXNativeTarget section */

/* Begin PBXProject section */
		0278FB3C16F0291000D447D7 /* Project object */ = {
			isa = PBXProject;
			attributes = {
				LastUpgradeCheck = 0460;
			};
			buildConfigurationList = 0278FB3F16F0291000D447D7 /* Build configuration list for PBXProject "sg3osx" */;
			compatibilityVersion = "Xcode 3.2";
			developmentRegion = English;
			hasScannedForEncodings = 0;
			knownRegions = (
				en,
			);
			mainGroup = 0278FB3B16F0291000D447D7;
			productRefGroup = 0278FB4716F029BC00D447D7 /* Products */;
			projectDirPath = "";
			projectRoot = "";
			targets = (
				0278FB4516F029BC00D447D7 /* sg3_demo */,
			);
		};
/* End PBXProject section */

/* Begin PBXResourcesBuildPhase section */
		0278FB4416F029BC00D447D7 /* Resources */ = {
			isa = PBXResourcesBuildPhase;
			buildActionMask = 2147483647;
			files = (
				0278FB5416F029BC00D447D7 /* InfoPlist.strings in Resources */,
				0278FB5A16F029BC00D447D7 /* Credits.rtf in Resources */,
				0278FB6016F029BC00D447D7 /* MainMenu.xib in Resources */,
				0278FBC116F031FB00D447D7 /* billboard.png in Resources */,
				0278FBC216F031FB00D447D7 /* camaro.jpg in Resources */,
				0278FBC316F031FB00D447D7 /* fighter1.3ds in Resources */,
				0278FBC416F031FB00D447D7 /* fighter1.png in Resources */,
				0278FBC516F031FB00D447D7 /* fireball.png in Resources */,
				0278FBC616F031FB00D447D7 /* flash.png in Resources */,
				0278FBC716F031FB00D447D7 /* flowers.jpg in Resources */,
				0278FBC816F031FB00D447D7 /* font.fnt in Resources */,
				0278FBC916F031FB00D447D7 /* font_0.png in Resources */,
				0278FBCA16F031FB00D447D7 /* glow.png in Resources */,
				0278FBCB16F031FB00D447D7 /* halo.png in Resources */,
				0278FBCC16F031FB00D447D7 /* img_test.bmp in Resources */,
				0278FBCD16F031FB00D447D7 /* img_test.dds in Resources */,
				0278FBCE16F031FB00D447D7 /* img_test.png in Resources */,
				0278FBCF16F031FB00D447D7 /* img_test.tga in Resources */,
				0278FBD016F031FB00D447D7 /* img_test_indexed.tga in Resources */,
				0278FBD116F031FB00D447D7 /* monkey.png in Resources */,
				0278FBD216F031FB00D447D7 /* nebula2_back6.png in Resources */,
				0278FBD316F031FB00D447D7 /* nebula2_bottom4.png in Resources */,
				0278FBD416F031FB00D447D7 /* nebula2_front5.png in Resources */,
				0278FBD516F031FB00D447D7 /* nebula2_left2.png in Resources */,
				0278FBD616F031FB00D447D7 /* nebula2_right1.png in Resources */,
				0278FBD716F031FB00D447D7 /* nebula2_top3.png in Resources */,
				0278FBD816F031FB00D447D7 /* planets-env.png in Resources */,
				0278FBD916F031FB00D447D7 /* planets2_front5.png in Resources */,
				0278FBDA16F031FB00D447D7 /* planets2_left2.png in Resources */,
				0278FBDB16F031FB00D447D7 /* planetsbottom.png in Resources */,
				0278FBDC16F031FB00D447D7 /* planetsleft.png in Resources */,
				0278FBDD16F031FB00D447D7 /* smoke.png in Resources */,
				0278FBDE16F031FB00D447D7 /* streaks.png in Resources */,
				0278FBDF16F031FB00D447D7 /* sun.png in Resources */,
				0278FBE016F031FB00D447D7 /* test_rect.png in Resources */,
				0278FBE116F031FB00D447D7 /* testplane.3ds in Resources */,
				0278FBE216F031FB00D447D7 /* trainer1.3ds in Resources */,
				0278FBE316F031FB00D447D7 /* trainer1.png in Resources */,
				0278FBE416F031FB00D447D7 /* wood.jpg in Resources */,
			);
			runOnlyForDeploymentPostprocessing = 0;
		};
/* End PBXResourcesBuildPhase section */

/* Begin PBXSourcesBuildPhase section */
		0278FB4216F029BC00D447D7 /* Sources */ = {
			isa = PBXSourcesBuildPhase;
			buildActionMask = 2147483647;
			files = (
				0278FB5616F029BC00D447D7 /* main.m in Sources */,
				0278FB5D16F029BC00D447D7 /* AppDelegate.m in Sources */,
				0278FB7A16F02A0600D447D7 /* camera.c in Sources */,
				0278FB7B16F02A0600D447D7 /* effects.c in Sources */,
				0278FB7C16F02A0600D447D7 /* font.c in Sources */,
				0278FB7E16F02A0600D447D7 /* math.c in Sources */,
				0278FB7F16F02A0600D447D7 /* objects.c in Sources */,
				0278FB8016F02A0600D447D7 /* overlay.c in Sources */,
				0278FB8116F02A0600D447D7 /* scene.c in Sources */,
				0278FB8216F02A0600D447D7 /* texture.c in Sources */,
				0278FB8316F02A0600D447D7 /* util.c in Sources */,
				0278FBBF16F031FB00D447D7 /* log.c in Sources */,
				0278FBE516F031FB00D447D7 /* image_DXT.c in Sources */,
				0278FBE616F031FB00D447D7 /* image_helper.c in Sources */,
				0278FBE816F031FB00D447D7 /* SOIL.c in Sources */,
				0278FBE916F031FB00D447D7 /* stb_image_aug.c in Sources */,
				0278FBF016F033E400D447D7 /* DemoView.m in Sources */,
				0278FBF716F0362B00D447D7 /* sg3_demo.c in Sources */,
			);
			runOnlyForDeploymentPostprocessing = 0;
		};
/* End PBXSourcesBuildPhase section */

/* Begin PBXVariantGroup section */
		0278FB5216F029BC00D447D7 /* InfoPlist.strings */ = {
			isa = PBXVariantGroup;
			children = (
				0278FB5316F029BC00D447D7 /* en */,
			);
			name = InfoPlist.strings;
			sourceTree = "<group>";
		};
		0278FB5816F029BC00D447D7 /* Credits.rtf */ = {
			isa = PBXVariantGroup;
			children = (
				0278FB5916F029BC00D447D7 /* en */,
			);
			name = Credits.rtf;
			sourceTree = "<group>";
		};
		0278FB5E16F029BC00D447D7 /* MainMenu.xib */ = {
			isa = PBXVariantGroup;
			children = (
				0278FB5F16F029BC00D447D7 /* en */,
			);
			name = MainMenu.xib;
			sourceTree = "<group>";
		};
/* End PBXVariantGroup section */

/* Begin XCBuildConfiguration section */
		0278FB4016F0291000D447D7 /* Debug */ = {
			isa = XCBuildConfiguration;
			buildSettings = {
				HEADER_SEARCH_PATHS = ../;
			};
			name = Debug;
		};
		0278FB4116F0291000D447D7 /* Release */ = {
			isa = XCBuildConfiguration;
			buildSettings = {
				HEADER_SEARCH_PATHS = ../;
			};
			name = Release;
		};
		0278FB6116F029BC00D447D7 /* Debug */ = {
			isa = XCBuildConfiguration;
			buildSettings = {
				ALWAYS_SEARCH_USER_PATHS = NO;
				ARCHS = "$(ARCHS_STANDARD_64_BIT)";
				CLANG_CXX_LANGUAGE_STANDARD = "gnu++0x";
				CLANG_CXX_LIBRARY = "libc++";
				CLANG_WARN_CONSTANT_CONVERSION = YES;
				CLANG_WARN_EMPTY_BODY = YES;
				CLANG_WARN_ENUM_CONVERSION = YES;
				CLANG_WARN_INT_CONVERSION = YES;
				CLANG_WARN__DUPLICATE_METHOD_MATCH = YES;
				COMBINE_HIDPI_IMAGES = YES;
				COPY_PHASE_STRIP = NO;
				GCC_C_LANGUAGE_STANDARD = gnu99;
				GCC_DYNAMIC_NO_PIC = NO;
				GCC_ENABLE_OBJC_EXCEPTIONS = YES;
				GCC_OPTIMIZATION_LEVEL = 0;
				GCC_PRECOMPILE_PREFIX_HEADER = YES;
				GCC_PREFIX_HEADER = "sg3_demo/sg3_demo-Prefix.pch";
				GCC_PREPROCESSOR_DEFINITIONS = (
					"DEBUG=1",
					"$(inherited)",
				);
				GCC_SYMBOLS_PRIVATE_EXTERN = NO;
				GCC_WARN_64_TO_32_BIT_CONVERSION = YES;
				GCC_WARN_ABOUT_RETURN_TYPE = YES;
				GCC_WARN_UNINITIALIZED_AUTOS = YES;
				GCC_WARN_UNUSED_VARIABLE = YES;
				INFOPLIST_FILE = "sg3_demo/sg3_demo-Info.plist";
				MACOSX_DEPLOYMENT_TARGET = 10.7;
				ONLY_ACTIVE_ARCH = YES;
				PRODUCT_NAME = "$(TARGET_NAME)";
				SDKROOT = macosx;
				WRAPPER_EXTENSION = app;
			};
			name = Debug;
		};
		0278FB6216F029BC00D447D7 /* Release */ = {
			isa = XCBuildConfiguration;
			buildSettings = {
				ALWAYS_SEARCH_USER_PATHS = NO;
				ARCHS = "$(ARCHS_STANDARD_64_BIT)";
				CLANG_CXX_LANGUAGE_STANDARD = "gnu++0x";
				CLANG_CXX_LIBRARY = "libc++";
				CLANG_WARN_CONSTANT_CONVERSION = YES;
				CLANG_WARN_EMPTY_BODY = YES;
				CLANG_WARN_ENUM_CONVERSION = YES;
				CLANG_WARN_INT_CONVERSION = YES;
				CLANG_WARN__DUPLICATE_METHOD_MATCH = YES;
				COMBINE_HIDPI_IMAGES = YES;
				COPY_PHASE_STRIP = YES;
				DEBUG_INFORMATION_FORMAT = "dwarf-with-dsym";
				GCC_C_LANGUAGE_STANDARD = gnu99;
				GCC_ENABLE_OBJC_EXCEPTIONS = YES;
				GCC_PRECOMPILE_PREFIX_HEADER = YES;
				GCC_PREFIX_HEADER = "sg3_demo/sg3_demo-Prefix.pch";
				GCC_WARN_64_TO_32_BIT_CONVERSION = YES;
				GCC_WARN_ABOUT_RETURN_TYPE = YES;
				GCC_WARN_UNINITIALIZED_AUTOS = YES;
				GCC_WARN_UNUSED_VARIABLE = YES;
				INFOPLIST_FILE = "sg3_demo/sg3_demo-Info.plist";
				MACOSX_DEPLOYMENT_TARGET = 10.7;
				PRODUCT_NAME = "$(TARGET_NAME)";
				SDKROOT = macosx;
				WRAPPER_EXTENSION = app;
			};
			name = Release;
		};
/* End XCBuildConfiguration section */

/* Begin XCConfigurationList section */
		0278FB3F16F0291000D447D7 /* Build configuration list for PBXProject "sg3osx" */ = {
			isa = XCConfigurationList;
			buildConfigurations = (
				0278FB4016F0291000D447D7 /* Debug */,
				0278FB4116F0291000D447D7 /* Release */,
			);
			defaultConfigurationIsVisible = 0;
			defaultConfigurationName = Release;
		};
		0278FB6316F029BC00D447D7 /* Build configuration list for PBXNativeTarget "sg3_demo" */ = {
			isa = XCConfigurationList;
			buildConfigurations = (
				0278FB6116F029BC00D447D7 /* Debug */,
				0278FB6216F029BC00D447D7 /* Release */,
			);
			defaultConfigurationIsVisible = 0;
		};
/* End XCConfigurationList section */
	};
	rootObject = 0278FB3C16F0291000D447D7 /* Project object */;
}
